
Microsoft Visual Studio Solution File, Format Version 12.00
# Visual Studio 15
VisualStudioVersion = 15.0.28010.2003
MinimumVisualStudioVersion = 10.0.40219.1
Project("{FAE04EC0-301F-11D3-BF4B-00C04F79EFBC}") = "WindowsService1", "WindowsService1\WindowsService1.csproj", "{AF09D8E2-5741-412E-B67B-57F08677B948}"
EndProject
Global
	GlobalSection(SolutionConfigurationPlatforms) = preSolution
		Debug|Any CPU = Debug|Any CPU
		Release|Any CPU = Release|Any CPU
	EndGlobalSection
	GlobalSection(ProjectConfigurationPlatforms) = postSolution
		{AF09D8E2-5741-412E-B67B-57F08677B948}.Debug|Any CPU.ActiveCfg = Debug|Any CPU
		{AF09D8E2-5741-412E-B67B-57F08677B948}.Debug|Any CPU.Build.0 = Debug|Any CPU
		{AF09D8E2-5741-412E-B67B-57F08677B948}.Release|Any CPU.ActiveCfg = Release|Any CPU
		{AF09D8E2-5741-412E-B67B-57F08677B948}.Release|Any CPU.Build.0 = Release|Any CPU
	EndGlobalSection
	GlobalSection(SolutionProperties) = preSolution
		HideSolutionNode = FALSE
	EndGlobalSection
	GlobalSection(ExtensibilityGlobals) = postSolution
		SolutionGuid = {4F6CFB4D-9075-4487-95E4-31FDBEE0B48C}
	EndGlobalSection
EndGlobal
