
Microsoft Visual Studio Solution File, Format Version 12.00
# Visual Studio Version 16
VisualStudioVersion = 16.0.30413.136
MinimumVisualStudioVersion = 10.0.40219.1
Project("{FAE04EC0-301F-11D3-BF4B-00C04F79EFBC}") = "PipeLinesDemo", "PipeLinesDemo\PipeLinesDemo.csproj", "{3967F42A-BAD2-4C25-B717-CC4A0A3178AE}"
EndProject
Project("{9A19103F-16F7-4668-BE54-9A1E7A4F7556}") = "InflySocket", "InflySocket\InflySocket.csproj", "{9228E1A5-4FB5-443F-91AB-203ABEE8D348}"
EndProject
Project("{FAE04EC0-301F-11D3-BF4B-00C04F79EFBC}") = "ClassLibrary1", "ClassLibrary1\ClassLibrary1.csproj", "{9FD9D7F2-5085-4388-9DC4-C24E5BA8E416}"
EndProject
Global
	GlobalSection(SolutionConfigurationPlatforms) = preSolution
		Debug|Any CPU = Debug|Any CPU
		Release|Any CPU = Release|Any CPU
	EndGlobalSection
	GlobalSection(ProjectConfigurationPlatforms) = postSolution
		{3967F42A-BAD2-4C25-B717-CC4A0A3178AE}.Debug|Any CPU.ActiveCfg = Debug|Any CPU
		{3967F42A-BAD2-4C25-B717-CC4A0A3178AE}.Debug|Any CPU.Build.0 = Debug|Any CPU
		{3967F42A-BAD2-4C25-B717-CC4A0A3178AE}.Release|Any CPU.ActiveCfg = Release|Any CPU
		{3967F42A-BAD2-4C25-B717-CC4A0A3178AE}.Release|Any CPU.Build.0 = Release|Any CPU
		{9228E1A5-4FB5-443F-91AB-203ABEE8D348}.Debug|Any CPU.ActiveCfg = Debug|Any CPU
		{9228E1A5-4FB5-443F-91AB-203ABEE8D348}.Debug|Any CPU.Build.0 = Debug|Any CPU
		{9228E1A5-4FB5-443F-91AB-203ABEE8D348}.Release|Any CPU.ActiveCfg = Release|Any CPU
		{9228E1A5-4FB5-443F-91AB-203ABEE8D348}.Release|Any CPU.Build.0 = Release|Any CPU
		{9FD9D7F2-5085-4388-9DC4-C24E5BA8E416}.Debug|Any CPU.ActiveCfg = Debug|Any CPU
		{9FD9D7F2-5085-4388-9DC4-C24E5BA8E416}.Debug|Any CPU.Build.0 = Debug|Any CPU
		{9FD9D7F2-5085-4388-9DC4-C24E5BA8E416}.Release|Any CPU.ActiveCfg = Release|Any CPU
		{9FD9D7F2-5085-4388-9DC4-C24E5BA8E416}.Release|Any CPU.Build.0 = Release|Any CPU
	EndGlobalSection
	GlobalSection(SolutionProperties) = preSolution
		HideSolutionNode = FALSE
	EndGlobalSection
	GlobalSection(ExtensibilityGlobals) = postSolution
		SolutionGuid = {FBBEFE49-A579-4833-A178-7214382F8B77}
	EndGlobalSection
EndGlobal
