
Microsoft Visual Studio Solution File, Format Version 12.00
# Visual Studio Version 16
VisualStudioVersion = 16.0.30907.101
MinimumVisualStudioVersion = 10.0.40219.1
Project("{FAE04EC0-301F-11D3-BF4B-00C04F79EFBC}") = "jwtDemo", "jwtDemo.csproj", "{B4E590FE-B8D1-4E59-80FF-1FAD01A32056}"
EndProject
Global
	GlobalSection(SolutionConfigurationPlatforms) = preSolution
		Debug|Any CPU = Debug|Any CPU
		Release|Any CPU = Release|Any CPU
	EndGlobalSection
	GlobalSection(ProjectConfigurationPlatforms) = postSolution
		{B4E590FE-B8D1-4E59-80FF-1FAD01A32056}.Debug|Any CPU.ActiveCfg = Debug|Any CPU
		{B4E590FE-B8D1-4E59-80FF-1FAD01A32056}.Debug|Any CPU.Build.0 = Debug|Any CPU
		{B4E590FE-B8D1-4E59-80FF-1FAD01A32056}.Release|Any CPU.ActiveCfg = Release|Any CPU
		{B4E590FE-B8D1-4E59-80FF-1FAD01A32056}.Release|Any CPU.Build.0 = Release|Any CPU
	EndGlobalSection
	GlobalSection(SolutionProperties) = preSolution
		HideSolutionNode = FALSE
	EndGlobalSection
	GlobalSection(ExtensibilityGlobals) = postSolution
		SolutionGuid = {E192199E-5FDC-4642-AFA0-90F2A8FDE701}
	EndGlobalSection
EndGlobal
